# This file is automatically @generated by Poetry 1.8.1 and should not be changed by hand.

[[package]]
name = "anyio"
version = "4.4.0"
description = "High level compatibility layer for multiple asynchronous event loop implementations"
optional = false
python-versions = ">=3.8"
files = [
    {file = "anyio-4.4.0-py3-none-any.whl", hash = "sha256:c1b2d8f46a8a812513012e1107cb0e68c17159a7a594208005a57dc776e1bdc7"},
    {file = "anyio-4.4.0.tar.gz", hash = "sha256:5aadc6a1bbb7cdb0bede386cac5e2940f5e2ff3aa20277e991cf028e0585ce94"},
]

[package.dependencies]
exceptiongroup = {version = ">=1.0.2", markers = "python_version < \"3.11\""}
idna = ">=2.8"
sniffio = ">=1.1"
typing-extensions = {version = ">=4.1", markers = "python_version < \"3.11\""}

[package.extras]
doc = ["Sphinx (>=7)", "packaging", "sphinx-autodoc-typehints (>=1.2.0)", "sphinx-rtd-theme"]
test = ["anyio[trio]", "coverage[toml] (>=7)", "exceptiongroup (>=1.2.0)", "hypothesis (>=4.0)", "psutil (>=5.9)", "pytest (>=7.0)", "pytest-mock (>=3.6.1)", "trustme", "uvloop (>=0.17)"]
trio = ["trio (>=0.23)"]

[[package]]
name = "attrs"
version = "23.2.0"
description = "Classes Without Boilerplate"
optional = false
python-versions = ">=3.7"
files = [
    {file = "attrs-23.2.0-py3-none-any.whl", hash = "sha256:99b87a485a5820b23b879f04c2305b44b951b502fd64be915879d77a7e8fc6f1"},
    {file = "attrs-23.2.0.tar.gz", hash = "sha256:935dc3b529c262f6cf76e50877d35a4bd3c1de194fd41f47a2b7ae8f19971f30"},
]

[package.extras]
cov = ["attrs[tests]", "coverage[toml] (>=5.3)"]
dev = ["attrs[tests]", "pre-commit"]
docs = ["furo", "myst-parser", "sphinx", "sphinx-notfound-page", "sphinxcontrib-towncrier", "towncrier", "zope-interface"]
tests = ["attrs[tests-no-zope]", "zope-interface"]
tests-mypy = ["mypy (>=1.6)", "pytest-mypy-plugins"]
tests-no-zope = ["attrs[tests-mypy]", "cloudpickle", "hypothesis", "pympler", "pytest (>=4.3.0)", "pytest-xdist[psutil]"]

[[package]]
name = "black"
version = "24.8.0"
description = "The uncompromising code formatter."
optional = false
python-versions = ">=3.8"
files = [
    {file = "black-24.8.0-cp310-cp310-macosx_10_9_x86_64.whl", hash = "sha256:09cdeb74d494ec023ded657f7092ba518e8cf78fa8386155e4a03fdcc44679e6"},
    {file = "black-24.8.0-cp310-cp310-macosx_11_0_arm64.whl", hash = "sha256:81c6742da39f33b08e791da38410f32e27d632260e599df7245cccee2064afeb"},
    {file = "black-24.8.0-cp310-cp310-manylinux_2_17_x86_64.manylinux2014_x86_64.manylinux_2_28_x86_64.whl", hash = "sha256:707a1ca89221bc8a1a64fb5e15ef39cd755633daa672a9db7498d1c19de66a42"},
    {file = "black-24.8.0-cp310-cp310-win_amd64.whl", hash = "sha256:d6417535d99c37cee4091a2f24eb2b6d5ec42b144d50f1f2e436d9fe1916fe1a"},
    {file = "black-24.8.0-cp311-cp311-macosx_10_9_x86_64.whl", hash = "sha256:fb6e2c0b86bbd43dee042e48059c9ad7830abd5c94b0bc518c0eeec57c3eddc1"},
    {file = "black-24.8.0-cp311-cp311-macosx_11_0_arm64.whl", hash = "sha256:837fd281f1908d0076844bc2b801ad2d369c78c45cf800cad7b61686051041af"},
    {file = "black-24.8.0-cp311-cp311-manylinux_2_17_x86_64.manylinux2014_x86_64.manylinux_2_28_x86_64.whl", hash = "sha256:62e8730977f0b77998029da7971fa896ceefa2c4c4933fcd593fa599ecbf97a4"},
    {file = "black-24.8.0-cp311-cp311-win_amd64.whl", hash = "sha256:72901b4913cbac8972ad911dc4098d5753704d1f3c56e44ae8dce99eecb0e3af"},
    {file = "black-24.8.0-cp312-cp312-macosx_10_9_x86_64.whl", hash = "sha256:7c046c1d1eeb7aea9335da62472481d3bbf3fd986e093cffd35f4385c94ae368"},
    {file = "black-24.8.0-cp312-cp312-macosx_11_0_arm64.whl", hash = "sha256:649f6d84ccbae73ab767e206772cc2d7a393a001070a4c814a546afd0d423aed"},
    {file = "black-24.8.0-cp312-cp312-manylinux_2_17_x86_64.manylinux2014_x86_64.manylinux_2_28_x86_64.whl", hash = "sha256:2b59b250fdba5f9a9cd9d0ece6e6d993d91ce877d121d161e4698af3eb9c1018"},
    {file = "black-24.8.0-cp312-cp312-win_amd64.whl", hash = "sha256:6e55d30d44bed36593c3163b9bc63bf58b3b30e4611e4d88a0c3c239930ed5b2"},
    {file = "black-24.8.0-cp38-cp38-macosx_10_9_x86_64.whl", hash = "sha256:505289f17ceda596658ae81b61ebbe2d9b25aa78067035184ed0a9d855d18afd"},
    {file = "black-24.8.0-cp38-cp38-macosx_11_0_arm64.whl", hash = "sha256:b19c9ad992c7883ad84c9b22aaa73562a16b819c1d8db7a1a1a49fb7ec13c7d2"},
    {file = "black-24.8.0-cp38-cp38-manylinux_2_17_x86_64.manylinux2014_x86_64.manylinux_2_28_x86_64.whl", hash = "sha256:1f13f7f386f86f8121d76599114bb8c17b69d962137fc70efe56137727c7047e"},
    {file = "black-24.8.0-cp38-cp38-win_amd64.whl", hash = "sha256:f490dbd59680d809ca31efdae20e634f3fae27fba3ce0ba3208333b713bc3920"},
    {file = "black-24.8.0-cp39-cp39-macosx_10_9_x86_64.whl", hash = "sha256:eab4dd44ce80dea27dc69db40dab62d4ca96112f87996bca68cd75639aeb2e4c"},
    {file = "black-24.8.0-cp39-cp39-macosx_11_0_arm64.whl", hash = "sha256:3c4285573d4897a7610054af5a890bde7c65cb466040c5f0c8b732812d7f0e5e"},
    {file = "black-24.8.0-cp39-cp39-manylinux_2_17_x86_64.manylinux2014_x86_64.manylinux_2_28_x86_64.whl", hash = "sha256:9e84e33b37be070ba135176c123ae52a51f82306def9f7d063ee302ecab2cf47"},
    {file = "black-24.8.0-cp39-cp39-win_amd64.whl", hash = "sha256:73bbf84ed136e45d451a260c6b73ed674652f90a2b3211d6a35e78054563a9bb"},
    {file = "black-24.8.0-py3-none-any.whl", hash = "sha256:972085c618ee94f402da1af548a4f218c754ea7e5dc70acb168bfaca4c2542ed"},
    {file = "black-24.8.0.tar.gz", hash = "sha256:2500945420b6784c38b9ee885af039f5e7471ef284ab03fa35ecdde4688cd83f"},
]

[package.dependencies]
click = ">=8.0.0"
mypy-extensions = ">=0.4.3"
packaging = ">=22.0"
pathspec = ">=0.9.0"
platformdirs = ">=2"
tomli = {version = ">=1.1.0", markers = "python_version < \"3.11\""}
typing-extensions = {version = ">=4.0.1", markers = "python_version < \"3.11\""}

[package.extras]
colorama = ["colorama (>=0.4.3)"]
d = ["aiohttp (>=3.7.4)", "aiohttp (>=3.7.4,!=3.9.0)"]
jupyter = ["ipython (>=7.8.0)", "tokenize-rt (>=3.2.0)"]
uvloop = ["uvloop (>=0.15.2)"]

[[package]]
name = "certifi"
version = "2024.7.4"
description = "Python package for providing Mozilla's CA Bundle."
optional = false
python-versions = ">=3.6"
files = [
    {file = "certifi-2024.7.4-py3-none-any.whl", hash = "sha256:c198e21b1289c2ab85ee4e67bb4b4ef3ead0892059901a8d5b622f24a1101e90"},
    {file = "certifi-2024.7.4.tar.gz", hash = "sha256:5a1e7645bc0ec61a09e26c36f6106dd4cf40c6db3a1fb6352b0244e7fb057c7b"},
]

[[package]]
name = "click"
version = "8.1.7"
description = "Composable command line interface toolkit"
optional = false
python-versions = ">=3.7"
files = [
    {file = "click-8.1.7-py3-none-any.whl", hash = "sha256:ae74fb96c20a0277a1d615f1e4d73c8414f5a98db8b799a7931d1582f3390c28"},
    {file = "click-8.1.7.tar.gz", hash = "sha256:ca9853ad459e787e2192211578cc907e7594e294c7ccc834310722b41b9ca6de"},
]

[package.dependencies]
colorama = {version = "*", markers = "platform_system == \"Windows\""}

[[package]]
name = "colorama"
version = "0.4.6"
description = "Cross-platform colored terminal text."
optional = false
python-versions = "!=3.0.*,!=3.1.*,!=3.2.*,!=3.3.*,!=3.4.*,!=3.5.*,!=3.6.*,>=2.7"
files = [
    {file = "colorama-0.4.6-py2.py3-none-any.whl", hash = "sha256:4f1d9991f5acc0ca119f9d443620b77f9d6b33703e51011c16baf57afb285fc6"},
    {file = "colorama-0.4.6.tar.gz", hash = "sha256:08695f5cb7ed6e0531a20572697297273c47b8cae5a63ffc6d6ed5c201be6e44"},
]

[[package]]
name = "e2b"
version = "0.17.2a44"
description = "E2B SDK that give agents cloud environments"
optional = false
python-versions = "<4.0,>=3.8"
files = [
    {file = "e2b-0.17.2a44-py3-none-any.whl", hash = "sha256:c5477391dde6693e0e65bb510b0fae3967a2915387b7e79a27d3e7ea0d7b4e61"},
    {file = "e2b-0.17.2a44.tar.gz", hash = "sha256:0218a62687a01aec96df1421638b107f2348c50e286f336eb609e2dc99b2866e"},
]

[package.dependencies]
attrs = ">=23.2.0,<24.0.0"
httpcore = ">=1.0.5,<2.0.0"
httpx = ">=0.27.0,<0.28.0"
packaging = ">=24.1,<25.0"
protobuf = ">=3.20.0,<6.0.0"
python-dateutil = ">=2.8.2"
typing-extensions = ">=4.12.2,<5.0.0"

[[package]]
name = "exceptiongroup"
version = "1.2.2"
description = "Backport of PEP 654 (exception groups)"
optional = false
python-versions = ">=3.7"
files = [
    {file = "exceptiongroup-1.2.2-py3-none-any.whl", hash = "sha256:3111b9d131c238bec2f8f516e123e14ba243563fb135d3fe885990585aa7795b"},
    {file = "exceptiongroup-1.2.2.tar.gz", hash = "sha256:47c2edf7c6738fafb49fd34290706d1a1a2f4d1c6df275526b62cbb4aa5393cc"},
]

[package.extras]
test = ["pytest (>=6)"]

[[package]]
name = "execnet"
version = "2.1.1"
description = "execnet: rapid multi-Python deployment"
optional = false
python-versions = ">=3.8"
files = [
    {file = "execnet-2.1.1-py3-none-any.whl", hash = "sha256:26dee51f1b80cebd6d0ca8e74dd8745419761d3bef34163928cbebbdc4749fdc"},
    {file = "execnet-2.1.1.tar.gz", hash = "sha256:5189b52c6121c24feae288166ab41b32549c7e2348652736540b9e6e7d4e72e3"},
]

[package.extras]
testing = ["hatch", "pre-commit", "pytest", "tox"]

[[package]]
name = "h11"
version = "0.14.0"
description = "A pure-Python, bring-your-own-I/O implementation of HTTP/1.1"
optional = false
python-versions = ">=3.7"
files = [
    {file = "h11-0.14.0-py3-none-any.whl", hash = "sha256:e3fe4ac4b851c468cc8363d500db52c2ead036020723024a109d37346efaa761"},
    {file = "h11-0.14.0.tar.gz", hash = "sha256:8f19fbbe99e72420ff35c00b27a34cb9937e902a8b810e2c88300c6f0a3b699d"},
]

[[package]]
name = "httpcore"
version = "1.0.5"
description = "A minimal low-level HTTP client."
optional = false
python-versions = ">=3.8"
files = [
    {file = "httpcore-1.0.5-py3-none-any.whl", hash = "sha256:421f18bac248b25d310f3cacd198d55b8e6125c107797b609ff9b7a6ba7991b5"},
    {file = "httpcore-1.0.5.tar.gz", hash = "sha256:34a38e2f9291467ee3b44e89dd52615370e152954ba21721378a87b2960f7a61"},
]

[package.dependencies]
certifi = "*"
h11 = ">=0.13,<0.15"

[package.extras]
asyncio = ["anyio (>=4.0,<5.0)"]
http2 = ["h2 (>=3,<5)"]
socks = ["socksio (==1.*)"]
trio = ["trio (>=0.22.0,<0.26.0)"]

[[package]]
name = "httpx"
version = "0.27.0"
description = "The next generation HTTP client."
optional = false
python-versions = ">=3.8"
files = [
    {file = "httpx-0.27.0-py3-none-any.whl", hash = "sha256:71d5465162c13681bff01ad59b2cc68dd838ea1f10e51574bac27103f00c91a5"},
    {file = "httpx-0.27.0.tar.gz", hash = "sha256:a0cb88a46f32dc874e04ee956e4c2764aba2aa228f650b06788ba6bda2962ab5"},
]

[package.dependencies]
anyio = "*"
certifi = "*"
httpcore = "==1.*"
idna = "*"
sniffio = "*"

[package.extras]
brotli = ["brotli", "brotlicffi"]
cli = ["click (==8.*)", "pygments (==2.*)", "rich (>=10,<14)"]
http2 = ["h2 (>=3,<5)"]
socks = ["socksio (==1.*)"]

[[package]]
name = "idna"
version = "3.7"
description = "Internationalized Domain Names in Applications (IDNA)"
optional = false
python-versions = ">=3.5"
files = [
    {file = "idna-3.7-py3-none-any.whl", hash = "sha256:82fee1fc78add43492d3a1898bfa6d8a904cc97d8427f683ed8e798d07761aa0"},
    {file = "idna-3.7.tar.gz", hash = "sha256:028ff3aadf0609c1fd278d8ea3089299412a7a8b9bd005dd08b9f8285bcb5cfc"},
]

[[package]]
name = "iniconfig"
version = "2.0.0"
description = "brain-dead simple config-ini parsing"
optional = false
python-versions = ">=3.7"
files = [
    {file = "iniconfig-2.0.0-py3-none-any.whl", hash = "sha256:b6a85871a79d2e3b22d2d1b94ac2824226a63c6b741c88f7ae975f18b6778374"},
    {file = "iniconfig-2.0.0.tar.gz", hash = "sha256:2d91e135bf72d31a410b17c16da610a82cb55f6b0477d1a902134b24a455b8b3"},
]

[[package]]
name = "mypy-extensions"
version = "1.0.0"
description = "Type system extensions for programs checked with the mypy type checker."
optional = false
python-versions = ">=3.5"
files = [
    {file = "mypy_extensions-1.0.0-py3-none-any.whl", hash = "sha256:4392f6c0eb8a5668a69e23d168ffa70f0be9ccfd32b5cc2d26a34ae5b844552d"},
    {file = "mypy_extensions-1.0.0.tar.gz", hash = "sha256:75dbf8955dc00442a438fc4d0666508a9a97b6bd41aa2f0ffe9d2f2725af0782"},
]

[[package]]
name = "packaging"
version = "24.1"
description = "Core utilities for Python packages"
optional = false
python-versions = ">=3.8"
files = [
    {file = "packaging-24.1-py3-none-any.whl", hash = "sha256:5b8f2217dbdbd2f7f384c41c628544e6d52f2d0f53c6d0c3ea61aa5d1d7ff124"},
    {file = "packaging-24.1.tar.gz", hash = "sha256:026ed72c8ed3fcce5bf8950572258698927fd1dbda10a5e981cdf0ac37f4f002"},
]

[[package]]
name = "pathspec"
version = "0.12.1"
description = "Utility library for gitignore style pattern matching of file paths."
optional = false
python-versions = ">=3.8"
files = [
    {file = "pathspec-0.12.1-py3-none-any.whl", hash = "sha256:a0d503e138a4c123b27490a4f7beda6a01c6f288df0e4a8b79c7eb0dc7b4cc08"},
    {file = "pathspec-0.12.1.tar.gz", hash = "sha256:a482d51503a1ab33b1c67a6c3813a26953dbdc71c31dacaef9a838c4e29f5712"},
]

[[package]]
name = "platformdirs"
version = "4.2.2"
description = "A small Python package for determining appropriate platform-specific dirs, e.g. a `user data dir`."
optional = false
python-versions = ">=3.8"
files = [
    {file = "platformdirs-4.2.2-py3-none-any.whl", hash = "sha256:2d7a1657e36a80ea911db832a8a6ece5ee53d8de21edd5cc5879af6530b1bfee"},
    {file = "platformdirs-4.2.2.tar.gz", hash = "sha256:38b7b51f512eed9e84a22788b4bce1de17c0adb134d6becb09836e37d8654cd3"},
]

[package.extras]
docs = ["furo (>=2023.9.10)", "proselint (>=0.13)", "sphinx (>=7.2.6)", "sphinx-autodoc-typehints (>=1.25.2)"]
test = ["appdirs (==1.4.4)", "covdefaults (>=2.3)", "pytest (>=7.4.3)", "pytest-cov (>=4.1)", "pytest-mock (>=3.12)"]
type = ["mypy (>=1.8)"]

[[package]]
name = "pluggy"
version = "1.5.0"
description = "plugin and hook calling mechanisms for python"
optional = false
python-versions = ">=3.8"
files = [
    {file = "pluggy-1.5.0-py3-none-any.whl", hash = "sha256:44e1ad92c8ca002de6377e165f3e0f1be63266ab4d554740532335b9d75ea669"},
    {file = "pluggy-1.5.0.tar.gz", hash = "sha256:2cffa88e94fdc978c4c574f15f9e59b7f4201d439195c3715ca9e2486f1d0cf1"},
]

[package.extras]
dev = ["pre-commit", "tox"]
testing = ["pytest", "pytest-benchmark"]

[[package]]
name = "protobuf"
version = "5.27.3"
description = ""
optional = false
python-versions = ">=3.8"
files = [
    {file = "protobuf-5.27.3-cp310-abi3-win32.whl", hash = "sha256:dcb307cd4ef8fec0cf52cb9105a03d06fbb5275ce6d84a6ae33bc6cf84e0a07b"},
    {file = "protobuf-5.27.3-cp310-abi3-win_amd64.whl", hash = "sha256:16ddf3f8c6c41e1e803da7abea17b1793a97ef079a912e42351eabb19b2cffe7"},
    {file = "protobuf-5.27.3-cp38-abi3-macosx_10_9_universal2.whl", hash = "sha256:68248c60d53f6168f565a8c76dc58ba4fa2ade31c2d1ebdae6d80f969cdc2d4f"},
    {file = "protobuf-5.27.3-cp38-abi3-manylinux2014_aarch64.whl", hash = "sha256:b8a994fb3d1c11156e7d1e427186662b64694a62b55936b2b9348f0a7c6625ce"},
    {file = "protobuf-5.27.3-cp38-abi3-manylinux2014_x86_64.whl", hash = "sha256:a55c48f2a2092d8e213bd143474df33a6ae751b781dd1d1f4d953c128a415b25"},
    {file = "protobuf-5.27.3-cp38-cp38-win32.whl", hash = "sha256:043853dcb55cc262bf2e116215ad43fa0859caab79bb0b2d31b708f128ece035"},
    {file = "protobuf-5.27.3-cp38-cp38-win_amd64.whl", hash = "sha256:c2a105c24f08b1e53d6c7ffe69cb09d0031512f0b72f812dd4005b8112dbe91e"},
    {file = "protobuf-5.27.3-cp39-cp39-win32.whl", hash = "sha256:c84eee2c71ed83704f1afbf1a85c3171eab0fd1ade3b399b3fad0884cbcca8bf"},
    {file = "protobuf-5.27.3-cp39-cp39-win_amd64.whl", hash = "sha256:af7c0b7cfbbb649ad26132e53faa348580f844d9ca46fd3ec7ca48a1ea5db8a1"},
    {file = "protobuf-5.27.3-py3-none-any.whl", hash = "sha256:8572c6533e544ebf6899c360e91d6bcbbee2549251643d32c52cf8a5de295ba5"},
    {file = "protobuf-5.27.3.tar.gz", hash = "sha256:82460903e640f2b7e34ee81a947fdaad89de796d324bcbc38ff5430bcdead82c"},
]

[[package]]
name = "pytest"
version = "7.4.4"
description = "pytest: simple powerful testing with Python"
optional = false
python-versions = ">=3.7"
files = [
    {file = "pytest-7.4.4-py3-none-any.whl", hash = "sha256:b090cdf5ed60bf4c45261be03239c2c1c22df034fbffe691abe93cd80cea01d8"},
    {file = "pytest-7.4.4.tar.gz", hash = "sha256:2cf0005922c6ace4a3e2ec8b4080eb0d9753fdc93107415332f50ce9e7994280"},
]

[package.dependencies]
colorama = {version = "*", markers = "sys_platform == \"win32\""}
exceptiongroup = {version = ">=1.0.0rc8", markers = "python_version < \"3.11\""}
iniconfig = "*"
packaging = "*"
pluggy = ">=0.12,<2.0"
tomli = {version = ">=1.0.0", markers = "python_version < \"3.11\""}

[package.extras]
testing = ["argcomplete", "attrs (>=19.2.0)", "hypothesis (>=3.56)", "mock", "nose", "pygments (>=2.7.2)", "requests", "setuptools", "xmlschema"]

[[package]]
name = "pytest-asyncio"
version = "0.23.8"
description = "Pytest support for asyncio"
optional = false
python-versions = ">=3.8"
files = [
    {file = "pytest_asyncio-0.23.8-py3-none-any.whl", hash = "sha256:50265d892689a5faefb84df80819d1ecef566eb3549cf915dfb33569359d1ce2"},
    {file = "pytest_asyncio-0.23.8.tar.gz", hash = "sha256:759b10b33a6dc61cce40a8bd5205e302978bbbcc00e279a8b61d9a6a3c82e4d3"},
]

[package.dependencies]
pytest = ">=7.0.0,<9"

[package.extras]
docs = ["sphinx (>=5.3)", "sphinx-rtd-theme (>=1.0)"]
testing = ["coverage (>=6.2)", "hypothesis (>=5.7.1)"]

[[package]]
name = "pytest-dotenv"
version = "0.5.2"
description = "A py.test plugin that parses environment files before running tests"
optional = false
python-versions = "*"
files = [
    {file = "pytest-dotenv-0.5.2.tar.gz", hash = "sha256:2dc6c3ac6d8764c71c6d2804e902d0ff810fa19692e95fe138aefc9b1aa73732"},
    {file = "pytest_dotenv-0.5.2-py3-none-any.whl", hash = "sha256:40a2cece120a213898afaa5407673f6bd924b1fa7eafce6bda0e8abffe2f710f"},
]

[package.dependencies]
pytest = ">=5.0.0"
python-dotenv = ">=0.9.1"

[[package]]
name = "pytest-xdist"
version = "3.6.1"
description = "pytest xdist plugin for distributed testing, most importantly across multiple CPUs"
optional = false
python-versions = ">=3.8"
files = [
    {file = "pytest_xdist-3.6.1-py3-none-any.whl", hash = "sha256:9ed4adfb68a016610848639bb7e02c9352d5d9f03d04809919e2dafc3be4cca7"},
    {file = "pytest_xdist-3.6.1.tar.gz", hash = "sha256:ead156a4db231eec769737f57668ef58a2084a34b2e55c4a8fa20d861107300d"},
]

[package.dependencies]
execnet = ">=2.1"
pytest = ">=7.0.0"

[package.extras]
psutil = ["psutil (>=3.0)"]
setproctitle = ["setproctitle"]
testing = ["filelock"]

[[package]]
name = "python-dateutil"
version = "2.9.0.post0"
description = "Extensions to the standard Python datetime module"
optional = false
python-versions = "!=3.0.*,!=3.1.*,!=3.2.*,>=2.7"
files = [
    {file = "python-dateutil-2.9.0.post0.tar.gz", hash = "sha256:37dd54208da7e1cd875388217d5e00ebd4179249f90fb72437e91a35459a0ad3"},
    {file = "python_dateutil-2.9.0.post0-py2.py3-none-any.whl", hash = "sha256:a8b2bc7bffae282281c8140a97d3aa9c14da0b136dfe83f850eea9a5f7470427"},
]

[package.dependencies]
six = ">=1.5"

[[package]]
name = "python-dotenv"
version = "1.0.1"
description = "Read key-value pairs from a .env file and set them as environment variables"
optional = false
python-versions = ">=3.8"
files = [
    {file = "python-dotenv-1.0.1.tar.gz", hash = "sha256:e324ee90a023d808f1959c46bcbc04446a10ced277783dc6ee09987c37ec10ca"},
    {file = "python_dotenv-1.0.1-py3-none-any.whl", hash = "sha256:f7b63ef50f1b690dddf550d03497b66d609393b40b564ed0d674909a68ebf16a"},
]

[package.extras]
cli = ["click (>=5.0)"]

[[package]]
name = "six"
version = "1.16.0"
description = "Python 2 and 3 compatibility utilities"
optional = false
python-versions = ">=2.7, !=3.0.*, !=3.1.*, !=3.2.*"
files = [
    {file = "six-1.16.0-py2.py3-none-any.whl", hash = "sha256:8abb2f1d86890a2dfb989f9a77cfcfd3e47c2a354b01111771326f8aa26e0254"},
    {file = "six-1.16.0.tar.gz", hash = "sha256:1e61c37477a1626458e36f7b1d82aa5c9b094fa4802892072e49de9c60c4c926"},
]

[[package]]
name = "sniffio"
version = "1.3.1"
description = "Sniff out which async library your code is running under"
optional = false
python-versions = ">=3.7"
files = [
    {file = "sniffio-1.3.1-py3-none-any.whl", hash = "sha256:2f6da418d1f1e0fddd844478f41680e794e6051915791a034ff65e5f100525a2"},
    {file = "sniffio-1.3.1.tar.gz", hash = "sha256:f4324edc670a0f49750a81b895f35c3adb843cca46f0530f79fc1babb23789dc"},
]

[[package]]
name = "tomli"
version = "2.0.1"
description = "A lil' TOML parser"
optional = false
python-versions = ">=3.7"
files = [
    {file = "tomli-2.0.1-py3-none-any.whl", hash = "sha256:939de3e7a6161af0c887ef91b7d41a53e7c5a1ca976325f429cb46ea9bc30ecc"},
    {file = "tomli-2.0.1.tar.gz", hash = "sha256:de526c12914f0c550d15924c62d72abc48d6fe7364aa87328337a31007fe8a4f"},
]

[[package]]
name = "typing-extensions"
version = "4.12.2"
description = "Backported and Experimental Type Hints for Python 3.8+"
optional = false
python-versions = ">=3.8"
files = [
    {file = "typing_extensions-4.12.2-py3-none-any.whl", hash = "sha256:04e5ca0351e0f3f85c6853954072df659d0d13fac324d0072316b67d7794700d"},
    {file = "typing_extensions-4.12.2.tar.gz", hash = "sha256:1a7ead55c7e559dd4dee8856e3a88b41225abfe1ce8df57b7c13915fe121ffb8"},
]

[metadata]
lock-version = "2.0"
python-versions = "^3.8"
content-hash = "82554d389c2da922d01959e0512d43d5a2756e2fccf1232962f649d6e38590c5"
